dependencies:
- name: partials
  repository: file://../partials
  version: 0.1.0
- name: linkerd-multicluster-controller
  repository: file://../../multicluster/charts/linkerd-multicluster-controller
  version: 0.0.0-undefined
digest: sha256:6ff3106064f22012e11d9dbb52bd8b73273106434297e671bdb7755989ba45f9
generated: "2025-08-19T09:19:23.762369+09:00"
