name: 'Lock Threads'

on:
  schedule:
    - cron: '0 1 * * *'

permissions:
  issues: write

jobs:
  action:
    runs-on: ubuntu-latest
    steps:
      - uses: dessant/lock-threads@f1a42f0f44eb83361d617a014663e1a76cf282d2
        with:
          issue-lock-inactive-days: '30'
          process-only: 'issues'
